
Microsoft Visual Studio Solution File, Format Version 12.00
# Visual Studio Version 17
VisualStudioVersion = 17.5.33424.131
MinimumVisualStudioVersion = 10.0.40219.1
Project("{FAE04EC0-301F-11D3-BF4B-00C04F79EFBC}") = "RabbitMQ.TopicExchange.Publisher", "RabbitMQ.TopicExchange.Publisher\RabbitMQ.TopicExchange.Publisher.csproj", "{ECC655D7-FB78-4B44-B43C-2680F6E55206}"
EndProject
Project("{FAE04EC0-301F-11D3-BF4B-00C04F79EFBC}") = "RabbitMQ.TopicExchange.Consumer", "RabbitMQ.TopicExchange.Consumer\RabbitMQ.TopicExchange.Consumer.csproj", "{AE2F7F18-8BFC-483C-A7D6-01069E70D516}"
EndProject
Global
	GlobalSection(SolutionConfigurationPlatforms) = preSolution
		Debug|Any CPU = Debug|Any CPU
		Release|Any CPU = Release|Any CPU
	EndGlobalSection
	GlobalSection(ProjectConfigurationPlatforms) = postSolution
		{ECC655D7-FB78-4B44-B43C-2680F6E55206}.Debug|Any CPU.ActiveCfg = Debug|Any CPU
		{ECC655D7-FB78-4B44-B43C-2680F6E55206}.Debug|Any CPU.Build.0 = Debug|Any CPU
		{ECC655D7-FB78-4B44-B43C-2680F6E55206}.Release|Any CPU.ActiveCfg = Release|Any CPU
		{ECC655D7-FB78-4B44-B43C-2680F6E55206}.Release|Any CPU.Build.0 = Release|Any CPU
		{AE2F7F18-8BFC-483C-A7D6-01069E70D516}.Debug|Any CPU.ActiveCfg = Debug|Any CPU
		{AE2F7F18-8BFC-483C-A7D6-01069E70D516}.Debug|Any CPU.Build.0 = Debug|Any CPU
		{AE2F7F18-8BFC-483C-A7D6-01069E70D516}.Release|Any CPU.ActiveCfg = Release|Any CPU
		{AE2F7F18-8BFC-483C-A7D6-01069E70D516}.Release|Any CPU.Build.0 = Release|Any CPU
	EndGlobalSection
	GlobalSection(SolutionProperties) = preSolution
		HideSolutionNode = FALSE
	EndGlobalSection
	GlobalSection(ExtensibilityGlobals) = postSolution
		SolutionGuid = {1AC45EDA-DA43-4938-9D9F-498422F39C9A}
	EndGlobalSection
EndGlobal
